
Microsoft Visual Studio Solution File, Format Version 12.00
# Visual Studio 15
VisualStudioVersion = 15.0.27130.2003
MinimumVisualStudioVersion = 10.0.40219.1
Project("{FAE04EC0-301F-11D3-BF4B-00C04F79EFBC}") = "HospitalAPI", "HospitalAPI\HospitalAPI.csproj", "{065D5977-DD93-490C-9CF3-E4CF53919B1B}"
EndProject
Project("{FAE04EC0-301F-11D3-BF4B-00C04F79EFBC}") = "HospitalAPI.Tests", "HospitalAPI.Tests\HospitalAPI.Tests.csproj", "{CA69B72D-B90A-4206-8520-ADC26315201B}"
EndProject
Project("{FAE04EC0-301F-11D3-BF4B-00C04F79EFBC}") = "AngularApp", "AngularApp\AngularApp.csproj", "{4B50ACC5-846A-4C05-BC26-203716D17C6C}"
EndProject
Global
	GlobalSection(SolutionConfigurationPlatforms) = preSolution
		Debug|Any CPU = Debug|Any CPU
		MyConfig|Any CPU = MyConfig|Any CPU
		Release|Any CPU = Release|Any CPU
	EndGlobalSection
	GlobalSection(ProjectConfigurationPlatforms) = postSolution
		{065D5977-DD93-490C-9CF3-E4CF53919B1B}.Debug|Any CPU.ActiveCfg = Debug|Any CPU
		{065D5977-DD93-490C-9CF3-E4CF53919B1B}.Debug|Any CPU.Build.0 = Debug|Any CPU
		{065D5977-DD93-490C-9CF3-E4CF53919B1B}.MyConfig|Any CPU.ActiveCfg = MyConfig|Any CPU
		{065D5977-DD93-490C-9CF3-E4CF53919B1B}.MyConfig|Any CPU.Build.0 = MyConfig|Any CPU
		{065D5977-DD93-490C-9CF3-E4CF53919B1B}.Release|Any CPU.ActiveCfg = Release|Any CPU
		{065D5977-DD93-490C-9CF3-E4CF53919B1B}.Release|Any CPU.Build.0 = Release|Any CPU
		{CA69B72D-B90A-4206-8520-ADC26315201B}.Debug|Any CPU.ActiveCfg = Debug|Any CPU
		{CA69B72D-B90A-4206-8520-ADC26315201B}.Debug|Any CPU.Build.0 = Debug|Any CPU
		{CA69B72D-B90A-4206-8520-ADC26315201B}.MyConfig|Any CPU.ActiveCfg = MyConfig|Any CPU
		{CA69B72D-B90A-4206-8520-ADC26315201B}.MyConfig|Any CPU.Build.0 = MyConfig|Any CPU
		{CA69B72D-B90A-4206-8520-ADC26315201B}.Release|Any CPU.ActiveCfg = Release|Any CPU
		{CA69B72D-B90A-4206-8520-ADC26315201B}.Release|Any CPU.Build.0 = Release|Any CPU
		{4B50ACC5-846A-4C05-BC26-203716D17C6C}.Debug|Any CPU.ActiveCfg = Debug|Any CPU
		{4B50ACC5-846A-4C05-BC26-203716D17C6C}.MyConfig|Any CPU.ActiveCfg = MyConfig|Any CPU
		{4B50ACC5-846A-4C05-BC26-203716D17C6C}.Release|Any CPU.ActiveCfg = Release|Any CPU
		{4B50ACC5-846A-4C05-BC26-203716D17C6C}.Release|Any CPU.Build.0 = Release|Any CPU
	EndGlobalSection
	GlobalSection(SolutionProperties) = preSolution
		HideSolutionNode = FALSE
	EndGlobalSection
	GlobalSection(ExtensibilityGlobals) = postSolution
		SolutionGuid = {136A138D-49F6-4703-8FFF-01B1600A7E8D}
	EndGlobalSection
EndGlobal
